# This file is autogenerated, do not edit; changes may be undone by the next 'dep ensure'.


[[projects]]
  digest = "1:ec6f9bf5e274c833c911923c9193867f3f18788c461f76f05f62bb1510e0ae65"
  name = "github.com/go-sql-driver/mysql"
  packages = ["."]
  pruneopts = "UT"
  revision = "72cd26f257d44c1114970e19afddcd812016007e"
  version = "v1.4.1"

[[projects]]
  digest = "1:43c0f7d28e1d4359041ef2d2ed2e37f599a6c623b1c59aac0d04da2fda29bbb3"
  name = "github.com/go-xorm/builder"
  packages = ["."]
  pruneopts = "UT"
  revision = "1d658d7596c25394aab557ef5b50ef35bf706384"
  version = "v0.3.4"

[[projects]]
  digest = "1:04021679f3d7777dc38fdc8760ead2b09dc7bf7ae1077ad415d11f68495bd74e"
  name = "github.com/go-xorm/core"
  packages = ["."]
  pruneopts = "UT"
  revision = "ccc80c1adf1f6172bbc548877f50a1163041a40a"
  version = "v0.6.2"

[[projects]]
  digest = "1:4f01359acf1d4bc0aade06dcfca6f7687516f54fbf70b467fe90057c614647f5"
  name = "github.com/go-xorm/xorm"
  packages = ["."]
  pruneopts = "UT"
  revision = "1f39c590c64924f358c0d89016ac9b2bb84e9125"
  version = "v0.7.1"

[[projects]]
  branch = "master"
  digest = "1:f17dfd7df684b802076e8b0b316f27788763f647f8dbee368c98b2cb933d8657"
  name = "github.com/kataras/golog"
  packages = ["."]
  pruneopts = "UT"
  revision = "03be101463868edc5a81f094fc68a5f6c1b5503a"

[[projects]]
  branch = "master"
  digest = "1:163dcd10b3706f00c405ef6a9813fabdf5df3772715865dc42b835e54c1af08c"
  name = "github.com/kataras/pio"
  packages = [
    ".",
    "terminal",
  ]
  pruneopts = "UT"
  revision = "ea782b38602d1e5df3c2b891978a1f80d917a6bd"

[[projects]]
  branch = "master"
  digest = "1:6ed9319f79a63e30779042ef237f81770df4091866e43f84a643257384b0aefc"
  name = "golang.org/x/sys"
  packages = ["unix"]
  pruneopts = "UT"
  revision = "8097e1b27ff5e40620836729a9584e91b094b062"

[[projects]]
  digest = "1:c25289f43ac4a68d88b02245742347c94f1e108c534dda442188015ff80669b3"
  name = "google.golang.org/appengine"
  packages = ["cloudsql"]
  pruneopts = "UT"
  revision = "4c25cacc810c02874000e4f7071286a8e96b2515"
  version = "v1.6.0"

[solve-meta]
  analyzer-name = "dep"
  analyzer-version = 1
  input-imports = [
    "github.com/go-sql-driver/mysql",
    "github.com/go-xorm/xorm",
    "github.com/kataras/golog",
  ]
  solver-name = "gps-cdcl"
  solver-version = 1
